
Microsoft Visual Studio Solution File, Format Version 12.00
# Visual Studio Version 16
VisualStudioVersion = 16.0.31321.278
MinimumVisualStudioVersion = 10.0.40219.1
Project("{8BC9CEB8-8B4A-11D0-8D11-00A0C91BC942}") = "RGZ ll", "RGZ ll.vcxproj", "{444FBA72-F4EB-4E44-ABAA-FF3A5561EA88}"
EndProject
Global
	GlobalSection(SolutionConfigurationPlatforms) = preSolution
		Debug|x64 = Debug|x64
		Debug|x86 = Debug|x86
		Release|x64 = Release|x64
		Release|x86 = Release|x86
	EndGlobalSection
	GlobalSection(ProjectConfigurationPlatforms) = postSolution
		{444FBA72-F4EB-4E44-ABAA-FF3A5561EA88}.Debug|x64.ActiveCfg = Debug|x64
		{444FBA72-F4EB-4E44-ABAA-FF3A5561EA88}.Debug|x64.Build.0 = Debug|x64
		{444FBA72-F4EB-4E44-ABAA-FF3A5561EA88}.Debug|x86.ActiveCfg = Debug|Win32
		{444FBA72-F4EB-4E44-ABAA-FF3A5561EA88}.Debug|x86.Build.0 = Debug|Win32
		{444FBA72-F4EB-4E44-ABAA-FF3A5561EA88}.Release|x64.ActiveCfg = Release|x64
		{444FBA72-F4EB-4E44-ABAA-FF3A5561EA88}.Release|x64.Build.0 = Release|x64
		{444FBA72-F4EB-4E44-ABAA-FF3A5561EA88}.Release|x86.ActiveCfg = Release|Win32
		{444FBA72-F4EB-4E44-ABAA-FF3A5561EA88}.Release|x86.Build.0 = Release|Win32
	EndGlobalSection
	GlobalSection(SolutionProperties) = preSolution
		HideSolutionNode = FALSE
	EndGlobalSection
	GlobalSection(ExtensibilityGlobals) = postSolution
		SolutionGuid = {780FBA1A-4DCD-4713-BB3A-E29C3D2D233B}
	EndGlobalSection
EndGlobal
